Microsoft Visual Studio Solution File, Format Version 12.00
# Visual Studio Version 17
VisualStudioVersion = 17.5.2.0
MinimumVisualStudioVersion = 10.0.40219.1
Project("{FAE04EC0-301F-11D3-BF4B-00C04F79EFBC}") = "CMSUpdater", "CMSUpdater\CMSUpdater.csproj", "{AE3ED0F8-7628-C9EF-B2DD-B5A362983883}"
EndProject
Global
	GlobalSection(SolutionConfigurationPlatforms) = preSolution
		Debug|Any CPU = Debug|Any CPU
		Release|Any CPU = Release|Any CPU
	EndGlobalSection
	GlobalSection(ProjectConfigurationPlatforms) = postSolution
		{AE3ED0F8-7628-C9EF-B2DD-B5A362983883}.Debug|Any CPU.ActiveCfg = Debug|Any CPU
		{AE3ED0F8-7628-C9EF-B2DD-B5A362983883}.Debug|Any CPU.Build.0 = Debug|Any CPU
		{AE3ED0F8-7628-C9EF-B2DD-B5A362983883}.Release|Any CPU.ActiveCfg = Release|Any CPU
		{AE3ED0F8-7628-C9EF-B2DD-B5A362983883}.Release|Any CPU.Build.0 = Release|Any CPU
	EndGlobalSection
	GlobalSection(SolutionProperties) = preSolution
		HideSolutionNode = FALSE
	EndGlobalSection
	GlobalSection(ExtensibilityGlobals) = postSolution
		SolutionGuid = {7A2F65C2-E92A-4039-B6A2-C5F36D058088}
	EndGlobalSection
EndGlobal
